
Microsoft Visual Studio Solution File, Format Version 12.00
# Visual Studio Version 17
VisualStudioVersion = 17.9.34728.123
MinimumVisualStudioVersion = 10.0.40219.1
Project("{FAE04EC0-301F-11D3-BF4B-00C04F79EFBC}") = "Clinic", "Clinic\Clinic.csproj", "{51F9D212-57E6-423F-BD9A-29DA7B622672}"
EndProject
Global
	GlobalSection(SolutionConfigurationPlatforms) = preSolution
		Debug|Any CPU = Debug|Any CPU
		Release|Any CPU = Release|Any CPU
	EndGlobalSection
	GlobalSection(ProjectConfigurationPlatforms) = postSolution
		{51F9D212-57E6-423F-BD9A-29DA7B622672}.Debug|Any CPU.ActiveCfg = Debug|Any CPU
		{51F9D212-57E6-423F-BD9A-29DA7B622672}.Debug|Any CPU.Build.0 = Debug|Any CPU
		{51F9D212-57E6-423F-BD9A-29DA7B622672}.Release|Any CPU.ActiveCfg = Release|Any CPU
		{51F9D212-57E6-423F-BD9A-29DA7B622672}.Release|Any CPU.Build.0 = Release|Any CPU
	EndGlobalSection
	GlobalSection(SolutionProperties) = preSolution
		HideSolutionNode = FALSE
	EndGlobalSection
	GlobalSection(ExtensibilityGlobals) = postSolution
		SolutionGuid = {B31829F4-B289-484B-B4C1-950A1F13DA97}
	EndGlobalSection
EndGlobal
